{
	"name": "create-vela",
	"version": "0.1.0",
	"lockfileVersion": 3,
	"requires": true,
	"packages": {
		"": {
			"name": "create-vela",
			"version": "0.1.0",
			"license": "MIT",
			"dependencies": {
				"vela": "^0.14.5"
			},
			"bin": {
				"create-vela": "bin.js"
			},
			"engines": {
				"node": ">=20"
			}
		},
		"node_modules/@clack/core": {
			"version": "1.5.1",
			"resolved": "https://registry.npmjs.org/@clack/core/-/core-1.5.1.tgz",
			"integrity": "sha512-iHTrHA8MtVuLl2TfZySmcKv1qO2PoyC9Z7pfSDozEuV5vtY3/wcOPKJXlqJ5Oq2Cx5DDGQGAMVx6HZfRRoVEbQ==",
			"license": "MIT",
			"dependencies": {
				"fast-wrap-ansi": "^0.2.0",
				"sisteransi": "^1.0.5"
			},
			"engines": {
				"node": ">= 20.12.0"
			}
		},
		"node_modules/@clack/prompts": {
			"version": "1.8.1",
			"resolved": "https://registry.npmjs.org/@clack/prompts/-/prompts-1.8.1.tgz",
			"integrity": "sha512-dlT1m5e/0yUL0kRNcQn7yGLVThkgbB0Ga/1AmfDDC/8ik6AIiSf2QLQO2zPYvefsHP0aFgxO93cVLCCfDp7kzQ==",
			"license": "MIT",
			"dependencies": {
				"@clack/core": "1.5.1",
				"fast-string-width": "^3.0.2",
				"fast-wrap-ansi": "^0.2.0",
				"sisteransi": "^1.0.5"
			},
			"engines": {
				"node": ">= 20.12.0"
			}
		},
		"node_modules/@faker-js/faker": {
			"version": "10.6.0",
			"resolved": "https://registry.npmjs.org/@faker-js/faker/-/faker-10.6.0.tgz",
			"integrity": "sha512-3RQHgEtvL1Frl/d1cSreo7qhJ3Gk1OdNUai/CtZ8G+wYeRQnJih3s9xJ9/kgYekPQRdwgh0HXRPqMlzWGwivIQ==",
			"funding": [
				{
					"type": "opencollective",
					"url": "https://opencollective.com/fakerjs"
				}
			],
			"license": "MIT",
			"engines": {
				"node": "^20.19.0 || ^22.13.0 || ^23.5.0 || >=24.0.0",
				"npm": ">=10"
			}
		},
		"node_modules/@isaacs/fs-minipass": {
			"version": "4.0.1",
			"resolved": "https://registry.npmjs.org/@isaacs/fs-minipass/-/fs-minipass-4.0.1.tgz",
			"integrity": "sha512-wgm9Ehl2jpeqP3zw/7mo3kRHFp5MEDhqAdwy1fTGkHAwnkGOVsgpvQhL8B5n1qlb01jV3n/bI0ZfZp5lWA1k4w==",
			"license": "ISC",
			"dependencies": {
				"minipass": "^7.0.4"
			},
			"engines": {
				"node": ">=18.0.0"
			}
		},
		"node_modules/@jridgewell/gen-mapping": {
			"version": "0.3.13",
			"resolved": "https://registry.npmjs.org/@jridgewell/gen-mapping/-/gen-mapping-0.3.13.tgz",
			"integrity": "sha512-2kkt/7niJ6MgEPxF0bYdQ6etZaA+fQvDcLKckhy1yIQOzaoKjBBjSj63/aLVjYE3qhRt5dvM+uUyfCg6UKCBbA==",
			"license": "MIT",
			"dependencies": {
				"@jridgewell/sourcemap-codec": "^1.5.0",
				"@jridgewell/trace-mapping": "^0.3.24"
			}
		},
		"node_modules/@jridgewell/remapping": {
			"version": "2.3.5",
			"resolved": "https://registry.npmjs.org/@jridgewell/remapping/-/remapping-2.3.5.tgz",
			"integrity": "sha512-LI9u/+laYG4Ds1TDKSJW2YPrIlcVYOwi2fUC6xB43lueCjgxV4lffOCZCtYFiH6TNOX+tQKXx97T4IKHbhyHEQ==",
			"license": "MIT",
			"dependencies": {
				"@jridgewell/gen-mapping": "^0.3.5",
				"@jridgewell/trace-mapping": "^0.3.24"
			}
		},
		"node_modules/@jridgewell/resolve-uri": {
			"version": "3.1.2",
			"resolved": "https://registry.npmjs.org/@jridgewell/resolve-uri/-/resolve-uri-3.1.2.tgz",
			"integrity": "sha512-bRISgCIjP20/tbWSPWMEi54QVPRZExkuD9lJL+UIxUKtwVJA8wW1Trb1jMs1RFXo1CBTNZ/5hpC9QvmKWdopKw==",
			"license": "MIT",
			"engines": {
				"node": ">=6.0.0"
			}
		},
		"node_modules/@jridgewell/sourcemap-codec": {
			"version": "1.6.0",
			"resolved": "https://registry.npmjs.org/@jridgewell/sourcemap-codec/-/sourcemap-codec-1.6.0.tgz",
			"integrity": "sha512-T7jf+5zgsZHwNJ4lvQ7/aezbyk0nNX+zJVWpmHA7VYsEx7a7qr5Rg5IbtJFqkgze5Y2sruq1RUY8Q837Od7iFw==",
			"license": "MIT"
		},
		"node_modules/@jridgewell/trace-mapping": {
			"version": "0.3.31",
			"resolved": "https://registry.npmjs.org/@jridgewell/trace-mapping/-/trace-mapping-0.3.31.tgz",
			"integrity": "sha512-zzNR+SdQSDJzc8joaeP8QQoCQr8NuYx2dIIytl1QeBEZHJ9uW6hebsrYgbz8hJwUQao3TWCMtmfV8Nu1twOLAw==",
			"license": "MIT",
			"dependencies": {
				"@jridgewell/resolve-uri": "^3.1.0",
				"@jridgewell/sourcemap-codec": "^1.4.14"
			}
		},
		"node_modules/@sveltejs/acorn-typescript": {
			"version": "1.0.13",
			"resolved": "https://registry.npmjs.org/@sveltejs/acorn-typescript/-/acorn-typescript-1.0.13.tgz",
			"integrity": "sha512-wgKggnhZVL9Bfx1OaKKTrYY9BFRk6C8UAkQNUcIv1+llzYrIqy+RZm5HPKzn0NpEBvTVhTqB4kQyllZywsRBRQ==",
			"license": "MIT",
			"peerDependencies": {
				"acorn": "^8.9.0"
			}
		},
		"node_modules/@ts-morph/common": {
			"version": "0.29.0",
			"resolved": "https://registry.npmjs.org/@ts-morph/common/-/common-0.29.0.tgz",
			"integrity": "sha512-35oUmphHbJvQ/+UTwFNme/t2p3FoKiGJ5auTjjpNTop2dyREspirjMy82PLSC1pnDJ8ah1GU98hwpVt64YXQsg==",
			"license": "MIT",
			"dependencies": {
				"minimatch": "^10.0.1",
				"path-browserify": "^1.0.1",
				"tinyglobby": "^0.2.14"
			}
		},
		"node_modules/@types/estree": {
			"version": "1.0.9",
			"resolved": "https://registry.npmjs.org/@types/estree/-/estree-1.0.9.tgz",
			"integrity": "sha512-GhdPgy1el4/ImP05X05Uw4cw2/M93BCUmnEvWZNStlCzEKME4Fkk+YpoA5OiHNQmoS7Cafb8Xa3Pya8m1Qrzeg==",
			"license": "MIT"
		},
		"node_modules/@velastack/patterns": {
			"version": "0.3.4",
			"resolved": "https://registry.npmjs.org/@velastack/patterns/-/patterns-0.3.4.tgz",
			"integrity": "sha512-1uaFQDXWHVov/2HEMM1jDrsALPCB8aL1BKE7JJFkn+6rJjItNw9h1rnzMUvVgzdWaCrTrndXodp3g/MB/jeSWQ==",
			"license": "MIT",
			"dependencies": {
				"prettier": "^3.8.2",
				"prettier-plugin-svelte": "^4.1.1"
			},
			"engines": {
				"node": ">=20"
			},
			"peerDependencies": {
				"@velastack/kit": ">=0.1.0 <1.0.0",
				"@velastack/pocketbase": "^0.3.0",
				"@velastack/pocketbase-codegen": "^0.1.0",
				"cross-spawn": "^7.0.6",
				"magic-string": "^1.2.3",
				"package-manager-detector": "^1.6.0",
				"pocketbase": "^0.28.0",
				"stripe": "^22.0.0",
				"svelte": "^5.55.4",
				"ts-morph": "^28.0.0"
			},
			"peerDependenciesMeta": {
				"@velastack/kit": {
					"optional": true
				},
				"@velastack/pocketbase": {
					"optional": true
				},
				"@velastack/pocketbase-codegen": {
					"optional": true
				},
				"cross-spawn": {
					"optional": true
				},
				"magic-string": {
					"optional": true
				},
				"package-manager-detector": {
					"optional": true
				},
				"pocketbase": {
					"optional": true
				},
				"stripe": {
					"optional": true
				},
				"svelte": {
					"optional": true
				},
				"ts-morph": {
					"optional": true
				}
			}
		},
		"node_modules/@velastack/pocketbase-codegen": {
			"version": "0.1.0",
			"resolved": "https://registry.npmjs.org/@velastack/pocketbase-codegen/-/pocketbase-codegen-0.1.0.tgz",
			"integrity": "sha512-DMFqujcZhhZA/ZFV+kxYT64xuYNNCoamAio8Y8cLTvr/BDibZgXipPSmwuxzZfH1Cat7+0jYC1383P23PmD6tA==",
			"license": "MIT",
			"dependencies": {
				"ts-morph": "^28.0.0"
			},
			"engines": {
				"node": ">=20"
			},
			"peerDependencies": {
				"pocketbase-sveltekit": "^0.28.0",
				"zod": "^4.0.0"
			},
			"peerDependenciesMeta": {
				"zod": {
					"optional": true
				}
			}
		},
		"node_modules/acorn": {
			"version": "8.18.0",
			"resolved": "https://registry.npmjs.org/acorn/-/acorn-8.18.0.tgz",
			"integrity": "sha512-lGq+9yr1/GuAWaVYIHRjvvySG5/4VfKIvC8EWxStPdcDh/Ka7FG3twP6v4d5BkravUilhIAsG4Qj83t02LWUPQ==",
			"license": "MIT",
			"bin": {
				"acorn": "bin/acorn"
			},
			"engines": {
				"node": ">=0.4.0"
			}
		},
		"node_modules/annotate-json-schema": {
			"version": "0.1.1",
			"resolved": "https://registry.npmjs.org/annotate-json-schema/-/annotate-json-schema-0.1.1.tgz",
			"integrity": "sha512-UfGcxh2g7ZWFgwCYHjrSkbUDcBqdiTh6gwA+8yW1HqOPQz+S4/Z25N1kdIcPZ/qdhm0+/ldKsr7pJvBIs6BJdw==",
			"license": "MIT",
			"dependencies": {
				"pluralize": "^8.0.0"
			},
			"engines": {
				"node": ">=18"
			},
			"peerDependencies": {
				"json-schema-faker": "^0.6.0"
			}
		},
		"node_modules/aria-query": {
			"version": "5.3.1",
			"resolved": "https://registry.npmjs.org/aria-query/-/aria-query-5.3.1.tgz",
			"integrity": "sha512-Z/ZeOgVl7bcSYZ/u/rh0fOpvEpq//LZmdbkXyc7syVzjPAhfOa9ebsdTSjEBDU4vs5nC98Kfduj1uFo0qyET3g==",
			"license": "Apache-2.0",
			"engines": {
				"node": ">= 0.4"
			}
		},
		"node_modules/axobject-query": {
			"version": "4.1.0",
			"resolved": "https://registry.npmjs.org/axobject-query/-/axobject-query-4.1.0.tgz",
			"integrity": "sha512-qIj0G9wZbMGNLjLmg1PT6v2mE9AH2zlnADJD/2tC6E00hgmhUOfEB6greHPAfLRSufHqROIUTkw6E+M3lH0PTQ==",
			"license": "Apache-2.0",
			"engines": {
				"node": ">= 0.4"
			}
		},
		"node_modules/balanced-match": {
			"version": "4.0.4",
			"resolved": "https://registry.npmjs.org/balanced-match/-/balanced-match-4.0.4.tgz",
			"integrity": "sha512-BLrgEcRTwX2o6gGxGOCNyMvGSp35YofuYzw9h1IMTRmKqttAZZVU67bdb9Pr2vUHA8+j3i2tJfjO6C6+4myGTA==",
			"license": "MIT",
			"engines": {
				"node": "18 || 20 || >=22"
			}
		},
		"node_modules/brace-expansion": {
			"version": "5.0.12",
			"resolved": "https://registry.npmjs.org/brace-expansion/-/brace-expansion-5.0.12.tgz",
			"integrity": "sha512-YovQ3rzhaLMIrDjNDMkNS01tea93qhEhG5xy8f6+R0l+dw3Ki+5sCoIoI942iuLZTHWogWktgwVDhU09iNEimQ==",
			"license": "MIT",
			"dependencies": {
				"balanced-match": "^4.0.2"
			},
			"engines": {
				"node": "20 || >=22"
			}
		},
		"node_modules/chownr": {
			"version": "3.0.0",
			"resolved": "https://registry.npmjs.org/chownr/-/chownr-3.0.0.tgz",
			"integrity": "sha512-+IxzY9BZOQd/XuYPRmrvEVjF/nqj5kgT4kEq7VofrDoM1MxoRjEWkrCC3EtLi59TVawxTAn+orJwFQcrqEN1+g==",
			"license": "BlueOak-1.0.0",
			"engines": {
				"node": ">=18"
			}
		},
		"node_modules/clsx": {
			"version": "2.1.1",
			"resolved": "https://registry.npmjs.org/clsx/-/clsx-2.1.1.tgz",
			"integrity": "sha512-eYm0QWBtUrBWZWG0d386OGAw16Z995PiOVo2B7bjWSbHedGl5e0ZWaq65kOGgUSNesEIDkB9ISbTg/JK9dhCZA==",
			"license": "MIT",
			"engines": {
				"node": ">=6"
			}
		},
		"node_modules/code-block-writer": {
			"version": "13.0.3",
			"resolved": "https://registry.npmjs.org/code-block-writer/-/code-block-writer-13.0.3.tgz",
			"integrity": "sha512-Oofo0pq3IKnsFtuHqSF7TqBfr71aeyZDVJ0HpmqB7FBM2qEigL0iPONSCZSO9pE9dZTAxANe5XHG9Uy0YMv8cg==",
			"license": "MIT"
		},
		"node_modules/commander": {
			"version": "13.1.0",
			"resolved": "https://registry.npmjs.org/commander/-/commander-13.1.0.tgz",
			"integrity": "sha512-/rFeCpNJQbhSZjGVwO9RFV3xPqbnERS8MmIQzCtD/zl6gpJuV/bMLuN92oG3F7d8oDEHHRrujSXNUr8fpjntKw==",
			"license": "MIT",
			"engines": {
				"node": ">=18"
			}
		},
		"node_modules/cross-spawn": {
			"version": "7.0.6",
			"resolved": "https://registry.npmjs.org/cross-spawn/-/cross-spawn-7.0.6.tgz",
			"integrity": "sha512-uV2QOWP2nWzsy2aMp8aRibhi9dlzF5Hgh5SHaB9OiTGEyDTiJJyx0uy51QXdyWbtAHNua4XJzUKca3OzKUd3vA==",
			"license": "MIT",
			"dependencies": {
				"path-key": "^3.1.0",
				"shebang-command": "^2.0.0",
				"which": "^2.0.1"
			},
			"engines": {
				"node": ">= 8"
			}
		},
		"node_modules/dedent": {
			"version": "1.7.2",
			"resolved": "https://registry.npmjs.org/dedent/-/dedent-1.7.2.tgz",
			"integrity": "sha512-WzMx3mW98SN+zn3hgemf4OzdmyNhhhKz5Ay0pUfQiMQ3e1g+xmTJWp/pKdwKVXhdSkAEGIIzqeuWrL3mV/AXbA==",
			"license": "MIT",
			"peerDependencies": {
				"babel-plugin-macros": "^3.1.0"
			},
			"peerDependenciesMeta": {
				"babel-plugin-macros": {
					"optional": true
				}
			}
		},
		"node_modules/devalue": {
			"version": "5.9.4",
			"resolved": "https://registry.npmjs.org/devalue/-/devalue-5.9.4.tgz",
			"integrity": "sha512-sPAT4pztbu6586/hrhOnMKS17IJrvg12mXiSPSS3W5qDeN2RGgvZ0diZCm31dBbnevfVmujNO3IM2wrS4Y2Rhg==",
			"license": "MIT"
		},
		"node_modules/dotenv": {
			"version": "17.4.2",
			"resolved": "https://registry.npmjs.org/dotenv/-/dotenv-17.4.2.tgz",
			"integrity": "sha512-nI4U3TottKAcAD9LLud4Cb7b2QztQMUEfHbvhTH09bqXTxnSie8WnjPALV/WMCrJZ6UV/qHJ6L03OqO3LcdYZw==",
			"license": "BSD-2-Clause",
			"engines": {
				"node": ">=12"
			},
			"funding": {
				"url": "https://dotenvx.com"
			}
		},
		"node_modules/esm-env": {
			"version": "1.2.2",
			"resolved": "https://registry.npmjs.org/esm-env/-/esm-env-1.2.2.tgz",
			"integrity": "sha512-Epxrv+Nr/CaL4ZcFGPJIYLWFom+YeV1DqMLHJoEd9SYRxNbaFruBwfEX/kkHUJf55j2+TUbmDcmuilbP1TmXHA==",
			"license": "MIT"
		},
		"node_modules/esrap": {
			"version": "2.3.9",
			"resolved": "https://registry.npmjs.org/esrap/-/esrap-2.3.9.tgz",
			"integrity": "sha512-wshgAMVu4xdUeXi07YDnzim4ddkg8rx2yDTW3WyvskWkDdCYa4+jUMLaHXEO1e1+dmrqhrwbGsgRjQqzGJkqJQ==",
			"license": "MIT",
			"dependencies": {
				"@jridgewell/sourcemap-codec": "^1.4.15"
			},
			"peerDependencies": {
				"@typescript-eslint/types": "^8.2.0"
			},
			"peerDependenciesMeta": {
				"@typescript-eslint/types": {
					"optional": true
				}
			}
		},
		"node_modules/fast-string-truncated-width": {
			"version": "3.0.3",
			"resolved": "https://registry.npmjs.org/fast-string-truncated-width/-/fast-string-truncated-width-3.0.3.tgz",
			"integrity": "sha512-0jjjIEL6+0jag3l2XWWizO64/aZVtpiGE3t0Zgqxv0DPuxiMjvB3M24fCyhZUO4KomJQPj3LTSUnDP3GpdwC0g==",
			"license": "MIT"
		},
		"node_modules/fast-string-width": {
			"version": "3.0.2",
			"resolved": "https://registry.npmjs.org/fast-string-width/-/fast-string-width-3.0.2.tgz",
			"integrity": "sha512-gX8LrtNEI5hq8DVUfRQMbr5lpaS4nMIWV+7XEbXk2b8kiQIizgnlr12B4dA3ZEx3308ze0O4Q1R+cHts8kyUJg==",
			"license": "MIT",
			"dependencies": {
				"fast-string-truncated-width": "^3.0.2"
			}
		},
		"node_modules/fast-wrap-ansi": {
			"version": "0.2.2",
			"resolved": "https://registry.npmjs.org/fast-wrap-ansi/-/fast-wrap-ansi-0.2.2.tgz",
			"integrity": "sha512-7F2Fl+TjRSenLqlU3UjSH0iyqopqoZIu7eZVpEirP2g1GtWa2G/ecEmBdgz31+Mxr+ELclgg6sokpSFIQiZ02Q==",
			"license": "MIT",
			"dependencies": {
				"fast-string-width": "^3.0.2"
			}
		},
		"node_modules/fdir": {
			"version": "6.5.0",
			"resolved": "https://registry.npmjs.org/fdir/-/fdir-6.5.0.tgz",
			"integrity": "sha512-tIbYtZbucOs0BRGqPJkshJUYdL+SDH7dVM8gjy+ERp3WAUjLEFJE+02kanyHtwjWOnwrKYBiwAmM0p4kLJAnXg==",
			"license": "MIT",
			"engines": {
				"node": ">=12.0.0"
			},
			"peerDependencies": {
				"picomatch": "^3 || ^4"
			},
			"peerDependenciesMeta": {
				"picomatch": {
					"optional": true
				}
			}
		},
		"node_modules/fetch-cookie": {
			"version": "3.2.0",
			"resolved": "https://registry.npmjs.org/fetch-cookie/-/fetch-cookie-3.2.0.tgz",
			"integrity": "sha512-n61pQIxP25C6DRhcJxn7BDzgHP/+S56Urowb5WFxtcRMpU6drqXD90xjyAsVQYsNSNNVbaCcYY1DuHsdkZLuiA==",
			"license": "Unlicense",
			"dependencies": {
				"set-cookie-parser": "^2.4.8",
				"tough-cookie": "^6.0.0"
			}
		},
		"node_modules/is-reference": {
			"version": "3.0.3",
			"resolved": "https://registry.npmjs.org/is-reference/-/is-reference-3.0.3.tgz",
			"integrity": "sha512-ixkJoqQvAP88E6wLydLGGqCJsrFUnqoH6HnaczB8XmDH1oaWU+xxdptvikTgaEhtZ53Ky6YXiBuUI2WXLMCwjw==",
			"license": "MIT",
			"dependencies": {
				"@types/estree": "^1.0.6"
			}
		},
		"node_modules/isexe": {
			"version": "2.0.0",
			"resolved": "https://registry.npmjs.org/isexe/-/isexe-2.0.0.tgz",
			"integrity": "sha512-RHxMLp9lnKHGHRng9QFhRCMbYAcVpn69smSGcq3f36xjgVVWThj4qqLbTLlq7Ssj8B+fIQ1EuCEGI2lKsyQeIw==",
			"license": "ISC"
		},
		"node_modules/json-schema-faker": {
			"version": "0.6.3",
			"resolved": "https://registry.npmjs.org/json-schema-faker/-/json-schema-faker-0.6.3.tgz",
			"integrity": "sha512-rsH48E/b5KFpgvKlcFjplB+zwOZk2FhYCQwcM6y09ApZkVl3D7PhcRIrDhpfR+w1AhNOrv0bumJElBz4X++KBA==",
			"license": "MIT",
			"bin": {
				"jsf": "dist/bin/cli.js"
			}
		},
		"node_modules/locate-character": {
			"version": "3.0.0",
			"resolved": "https://registry.npmjs.org/locate-character/-/locate-character-3.0.0.tgz",
			"integrity": "sha512-SW13ws7BjaeJ6p7Q6CO2nchbYEc3X3J6WrmTTDto7yMPqVSZTUyY5Tjbid+Ab8gLnATtygYtiDIJGQRRn2ZOiA==",
			"license": "MIT"
		},
		"node_modules/magic-string": {
			"version": "1.4.1",
			"resolved": "https://registry.npmjs.org/magic-string/-/magic-string-1.4.1.tgz",
			"integrity": "sha512-8lyCu36ErXR0J9uaGKlKQoiLZKmtI63YGLE8G2o9jyRPdr4X47LusSOwgOJOzcVtp81fTAAjxR7BwKz682Jhow==",
			"license": "MIT",
			"dependencies": {
				"@jridgewell/sourcemap-codec": "^1.6.0"
			}
		},
		"node_modules/minimatch": {
			"version": "10.2.6",
			"resolved": "https://registry.npmjs.org/minimatch/-/minimatch-10.2.6.tgz",
			"integrity": "sha512-vpLQEs+VLCr1nU0BXS07maYoFwlDAH0gngQuuttxIwutDFEMHq2blX+8vpgxDdK3J1PwjCJiep77OitTZ4Ll1A==",
			"license": "BlueOak-1.0.0",
			"dependencies": {
				"brace-expansion": "^5.0.8"
			},
			"engines": {
				"node": "18 || 20 || >=22"
			},
			"funding": {
				"url": "https://github.com/sponsors/isaacs"
			}
		},
		"node_modules/minipass": {
			"version": "7.1.3",
			"resolved": "https://registry.npmjs.org/minipass/-/minipass-7.1.3.tgz",
			"integrity": "sha512-tEBHqDnIoM/1rXME1zgka9g6Q2lcoCkxHLuc7ODJ5BxbP5d4c2Z5cGgtXAku59200Cx7diuHTOYfSBD8n6mm8A==",
			"license": "BlueOak-1.0.0",
			"engines": {
				"node": ">=16 || 14 >=14.17"
			}
		},
		"node_modules/minizlib": {
			"version": "3.1.0",
			"resolved": "https://registry.npmjs.org/minizlib/-/minizlib-3.1.0.tgz",
			"integrity": "sha512-KZxYo1BUkWD2TVFLr0MQoM8vUUigWD3LlD83a/75BqC+4qE0Hb1Vo5v1FgcfaNXvfXzr+5EhQ6ing/CaBijTlw==",
			"license": "MIT",
			"dependencies": {
				"minipass": "^7.1.2"
			},
			"engines": {
				"node": ">= 18"
			}
		},
		"node_modules/package-manager-detector": {
			"version": "1.8.0",
			"resolved": "https://registry.npmjs.org/package-manager-detector/-/package-manager-detector-1.8.0.tgz",
			"integrity": "sha512-yQA4H19AmPEoMUeavPMDIe1higySl/gH/yaQrkT/s07Qp+7pp2hYz30N3z2l5BkjVkF9Ow6o0wjJamm2y7Sn0A==",
			"license": "MIT"
		},
		"node_modules/path-browserify": {
			"version": "1.0.1",
			"resolved": "https://registry.npmjs.org/path-browserify/-/path-browserify-1.0.1.tgz",
			"integrity": "sha512-b7uo2UCUOYZcnF/3ID0lulOJi/bafxa1xPe7ZPsammBSpjSWQkjNxlt635YGS2MiR9GjvuXCtz2emr3jbsz98g==",
			"license": "MIT"
		},
		"node_modules/path-key": {
			"version": "3.1.1",
			"resolved": "https://registry.npmjs.org/path-key/-/path-key-3.1.1.tgz",
			"integrity": "sha512-ojmeN0qd+y0jszEtoY48r0Peq5dwMEkIlCOu6Q5f41lfkswXuKtYrhgoTpLnyIcHm24Uhqx+5Tqm2InSwLhE6Q==",
			"license": "MIT",
			"engines": {
				"node": ">=8"
			}
		},
		"node_modules/picocolors": {
			"version": "1.1.1",
			"resolved": "https://registry.npmjs.org/picocolors/-/picocolors-1.1.1.tgz",
			"integrity": "sha512-xceH2snhtb5M9liqDsmEw56le376mTZkEX/jEb/RxNFyegNul7eNslCXP9FDj/Lcu0X8KEyMceP2ntpaHrDEVA==",
			"license": "ISC"
		},
		"node_modules/picomatch": {
			"version": "4.0.7",
			"resolved": "https://registry.npmjs.org/picomatch/-/picomatch-4.0.7.tgz",
			"integrity": "sha512-qcJu88Q2IWqJsDD529JKMdwGm/dvInW4HvQnRwiH9JtihJvzGOscDtHE3x1pBKeUOTysQ8kVmLnJ2kJu7yhcGA==",
			"license": "MIT",
			"engines": {
				"node": ">=12"
			},
			"funding": {
				"url": "https://github.com/sponsors/jonschlinkert"
			}
		},
		"node_modules/pluralize": {
			"version": "8.0.0",
			"resolved": "https://registry.npmjs.org/pluralize/-/pluralize-8.0.0.tgz",
			"integrity": "sha512-Nc3IT5yHzflTfbjgqWcCPpo7DaKy4FnpB0l/zCAW0Tc7jxAiuqSxHasntB3D7887LSrA93kDJ9IXovxJYxyLCA==",
			"license": "MIT",
			"engines": {
				"node": ">=4"
			}
		},
		"node_modules/pocketbase": {
			"version": "0.28.1",
			"resolved": "https://registry.npmjs.org/pocketbase/-/pocketbase-0.28.1.tgz",
			"integrity": "sha512-/3ihkq+rvfcs0MQgrK4sEElOg6gfenHW9S/O+3BSO+V1yT+4B10+9aT22uTQUPqze9ItwNtwWyY5ZmdgVCTdVA==",
			"license": "MIT"
		},
		"node_modules/pocketbase-server": {
			"version": "0.40.5-beta.2",
			"resolved": "https://registry.npmjs.org/pocketbase-server/-/pocketbase-server-0.40.5-beta.2.tgz",
			"integrity": "sha512-Njc+Xp+X6oY3ZV1OR9pl0CVg+pq16Q1JiWft+2UZXgdyiT19DHV+ua8uvzYxaudZt/GIFw4sPtKBt82DH2CkjA==",
			"license": "MIT",
			"dependencies": {
				"cross-spawn": "^7.0.6"
			},
			"bin": {
				"pocketbase-server": "bin/cli"
			},
			"optionalDependencies": {
				"pocketbase-server-darwin-arm64": "0.40.5-beta.2",
				"pocketbase-server-darwin-x64": "0.40.5-beta.2",
				"pocketbase-server-linux-arm": "0.40.5-beta.2",
				"pocketbase-server-linux-arm64": "0.40.5-beta.2",
				"pocketbase-server-linux-ppc64": "0.40.5-beta.2",
				"pocketbase-server-linux-s390x": "0.40.5-beta.2",
				"pocketbase-server-linux-x64": "0.40.5-beta.2",
				"pocketbase-server-win32-arm64": "0.40.5-beta.2",
				"pocketbase-server-win32-x64": "0.40.5-beta.2"
			}
		},
		"node_modules/pocketbase-server-darwin-arm64": {
			"version": "0.40.5-beta.2",
			"resolved": "https://registry.npmjs.org/pocketbase-server-darwin-arm64/-/pocketbase-server-darwin-arm64-0.40.5-beta.2.tgz",
			"integrity": "sha512-+RJqo8dDbRL05QZmZoBwlKmXQ0AU/d5WZYFigIWQCIOSiYGiWiJwg7B3M5btH+U0v+11MtC+qKDeyGC4R+uoyQ==",
			"cpu": [
				"arm64"
			],
			"license": "MIT",
			"optional": true,
			"os": [
				"darwin"
			]
		},
		"node_modules/pocketbase-server-darwin-x64": {
			"version": "0.40.5-beta.2",
			"resolved": "https://registry.npmjs.org/pocketbase-server-darwin-x64/-/pocketbase-server-darwin-x64-0.40.5-beta.2.tgz",
			"integrity": "sha512-zE4boxM39+JoPrwjRVBAHqCBVMt3Odmj2f6/c6P4YlII4EHPLN2l5L1ygmNcoYddSlhdfHIQIfgG31bCs0Nxbg==",
			"cpu": [
				"x64"
			],
			"license": "MIT",
			"optional": true,
			"os": [
				"darwin"
			]
		},
		"node_modules/pocketbase-server-linux-arm": {
			"version": "0.40.5-beta.2",
			"resolved": "https://registry.npmjs.org/pocketbase-server-linux-arm/-/pocketbase-server-linux-arm-0.40.5-beta.2.tgz",
			"integrity": "sha512-c3nUQyeiqcbXfIbkpGo3VoHr93K6kq99aOQJFcPStJu3MJRwCgnGm/MHRhwhsU8VasTGR0jQzad49+huBgLpmg==",
			"cpu": [
				"arm"
			],
			"license": "MIT",
			"optional": true,
			"os": [
				"linux"
			]
		},
		"node_modules/pocketbase-server-linux-arm64": {
			"version": "0.40.5-beta.2",
			"resolved": "https://registry.npmjs.org/pocketbase-server-linux-arm64/-/pocketbase-server-linux-arm64-0.40.5-beta.2.tgz",
			"integrity": "sha512-uZugksJARdZDIfSZxPkkOEQUo00hafjfw+HIEdBUQ9k2XE7XN5vly9AMIJmLY5iBiGxeRFKAHmCvIpMLVuPM6g==",
			"cpu": [
				"arm64"
			],
			"license": "MIT",
			"optional": true,
			"os": [
				"linux"
			]
		},
		"node_modules/pocketbase-server-linux-ppc64": {
			"version": "0.40.5-beta.2",
			"resolved": "https://registry.npmjs.org/pocketbase-server-linux-ppc64/-/pocketbase-server-linux-ppc64-0.40.5-beta.2.tgz",
			"integrity": "sha512-iMmXsmDbMzQHyhMwKEOyCIGnFgG7lpXCSHMt3Gt2OAWgOFNRoUiccECd3dWnm2jtlhppZ4SiS+JlwPhMJKwO6Q==",
			"cpu": [
				"ppc64"
			],
			"license": "MIT",
			"optional": true,
			"os": [
				"linux"
			]
		},
		"node_modules/pocketbase-server-linux-s390x": {
			"version": "0.40.5-beta.2",
			"resolved": "https://registry.npmjs.org/pocketbase-server-linux-s390x/-/pocketbase-server-linux-s390x-0.40.5-beta.2.tgz",
			"integrity": "sha512-TYi0mhK1T/IpzLQ9mmqjmabQym9ntYAsdL4pX3JFch+E3j2j5/Ydn41MHVc626usMQF5tpgOF7384QiDzuswfw==",
			"cpu": [
				"s390x"
			],
			"license": "MIT",
			"optional": true,
			"os": [
				"linux"
			]
		},
		"node_modules/pocketbase-server-linux-x64": {
			"version": "0.40.5-beta.2",
			"resolved": "https://registry.npmjs.org/pocketbase-server-linux-x64/-/pocketbase-server-linux-x64-0.40.5-beta.2.tgz",
			"integrity": "sha512-pfHXY/YeJ1+Q7qfwIaW+C93h+Z9NGSnZnN28knOp7PvvtPcQFfc+wUQD4zlLzp1YdKXFpPgyx2nZ/tjrhfZdMA==",
			"cpu": [
				"x64"
			],
			"license": "MIT",
			"optional": true,
			"os": [
				"linux"
			]
		},
		"node_modules/pocketbase-server-win32-arm64": {
			"version": "0.40.5-beta.2",
			"resolved": "https://registry.npmjs.org/pocketbase-server-win32-arm64/-/pocketbase-server-win32-arm64-0.40.5-beta.2.tgz",
			"integrity": "sha512-LrPjzfRH+aMaOIwUoO1iaUigd7h944YZ1fNN2F8nCNm48mCCX7O+7sOiCMdxImr7EGkZ6sHnpO9Bvjfna94XPQ==",
			"cpu": [
				"arm64"
			],
			"license": "MIT",
			"optional": true,
			"os": [
				"win32"
			]
		},
		"node_modules/pocketbase-server-win32-x64": {
			"version": "0.40.5-beta.2",
			"resolved": "https://registry.npmjs.org/pocketbase-server-win32-x64/-/pocketbase-server-win32-x64-0.40.5-beta.2.tgz",
			"integrity": "sha512-dvvfhRd1dUScgaGvv3KIeNrRZKnQ9EAiKEIDvgB6pMq1e537GwAs7BgqZn7sj5HJf2SVr9YLr4kbH37Eawolmw==",
			"cpu": [
				"x64"
			],
			"license": "MIT",
			"optional": true,
			"os": [
				"win32"
			]
		},
		"node_modules/pocketbase-sveltekit": {
			"version": "0.28.1",
			"resolved": "https://registry.npmjs.org/pocketbase-sveltekit/-/pocketbase-sveltekit-0.28.1.tgz",
			"integrity": "sha512-6+ZWnY4YlWqL52oju0KFkA23LF0YfMY2j2sJ9kefgP4+yM0tJgK6rxj2m63n7KCoZ8RGEV3DOfLTcFyGbzXEOw==",
			"license": "MIT",
			"peer": true,
			"engines": {
				"node": ">=20"
			}
		},
		"node_modules/prettier": {
			"version": "3.9.8",
			"resolved": "https://registry.npmjs.org/prettier/-/prettier-3.9.8.tgz",
			"integrity": "sha512-WRFq3Wn3WId7LLROfMLdH7xaFr2jR62wU8nLO6rQUOLOxNZUviyJQs1M0iIhLexSFy+L+w0ch66wtoO2jRjG0A==",
			"license": "MIT",
			"bin": {
				"prettier": "bin/prettier.cjs"
			},
			"engines": {
				"node": ">=14"
			},
			"funding": {
				"url": "https://github.com/prettier/prettier?sponsor=1"
			}
		},
		"node_modules/prettier-plugin-svelte": {
			"version": "4.1.1",
			"resolved": "https://registry.npmjs.org/prettier-plugin-svelte/-/prettier-plugin-svelte-4.1.1.tgz",
			"integrity": "sha512-wXvbXMjSvb4C9ENWTHXyd+ihakKCsJ6rJhLP6/8HFNj4GkZr48jqL9PoKsl2sk7SyCZRTnJ7O2TTowUpOxP/KA==",
			"license": "MIT",
			"engines": {
				"node": ">=20"
			},
			"peerDependencies": {
				"prettier": "^3.0.0",
				"svelte": "^5.0.0"
			}
		},
		"node_modules/set-cookie-parser": {
			"version": "2.7.2",
			"resolved": "https://registry.npmjs.org/set-cookie-parser/-/set-cookie-parser-2.7.2.tgz",
			"integrity": "sha512-oeM1lpU/UvhTxw+g3cIfxXHyJRc/uidd3yK1P242gzHds0udQBYzs3y8j4gCCW+ZJ7ad0yctld8RYO+bdurlvw==",
			"license": "MIT"
		},
		"node_modules/shebang-command": {
			"version": "2.0.0",
			"resolved": "https://registry.npmjs.org/shebang-command/-/shebang-command-2.0.0.tgz",
			"integrity": "sha512-kHxr2zZpYtdmrN1qDjrrX/Z1rR1kG8Dx+gkpK1G4eXmvXswmcE1hTWBWYUzlraYw1/yZp6YuDY77YtvbN0dmDA==",
			"license": "MIT",
			"dependencies": {
				"shebang-regex": "^3.0.0"
			},
			"engines": {
				"node": ">=8"
			}
		},
		"node_modules/shebang-regex": {
			"version": "3.0.0",
			"resolved": "https://registry.npmjs.org/shebang-regex/-/shebang-regex-3.0.0.tgz",
			"integrity": "sha512-7++dFhtcx3353uBaq8DDR4NuxBetBzC7ZQOhmTQInHEd6bSrXdiEyzCvG07Z44UYdLShWUyXt5M/yhz8ekcb1A==",
			"license": "MIT",
			"engines": {
				"node": ">=8"
			}
		},
		"node_modules/sisteransi": {
			"version": "1.0.5",
			"resolved": "https://registry.npmjs.org/sisteransi/-/sisteransi-1.0.5.tgz",
			"integrity": "sha512-bLGGlR1QxBcynn2d5YmDX4MGjlZvy2MRBDRNHLJ8VI6l6+9FUiyTFNJ0IveOSP0bcXgVDPRcfGqA0pjaqUpfVg==",
			"license": "MIT"
		},
		"node_modules/stripe": {
			"version": "22.6.2",
			"resolved": "https://registry.npmjs.org/stripe/-/stripe-22.6.2.tgz",
			"integrity": "sha512-PwRE2scocvXqDKPiskMa5vRJEAEkq46W69XyUYmAwrNSLr675lQnfqLwnsndAWizwgihOWw/irLmoFRo3ez7ew==",
			"license": "MIT",
			"engines": {
				"node": ">=18"
			},
			"peerDependencies": {
				"@types/node": ">=18"
			},
			"peerDependenciesMeta": {
				"@types/node": {
					"optional": true
				}
			}
		},
		"node_modules/svelte": {
			"version": "5.57.1",
			"resolved": "https://registry.npmjs.org/svelte/-/svelte-5.57.1.tgz",
			"integrity": "sha512-Uqj49lWKB+iSSnneuwiYYJ7MZgkB+eXr0LXBhv4uDuAkXqnWmq65Sxflfvp0Lc6MdKjMUxGaeOKWJqz5SNiVIA==",
			"license": "MIT",
			"dependencies": {
				"@jridgewell/remapping": "^2.3.5",
				"@jridgewell/sourcemap-codec": "^1.6.0",
				"@sveltejs/acorn-typescript": "^1.0.13",
				"@types/estree": "^1.0.9",
				"acorn": "^8.18.0",
				"aria-query": "5.3.1",
				"axobject-query": "^4.1.0",
				"clsx": "^2.1.1",
				"devalue": "^5.9.2",
				"esm-env": "^1.2.1",
				"esrap": "^2.3.6",
				"is-reference": "^3.0.3",
				"locate-character": "^3.0.0",
				"magic-string": "^0.30.11",
				"zimmerframe": "^1.1.2"
			},
			"engines": {
				"node": ">=18"
			}
		},
		"node_modules/svelte/node_modules/magic-string": {
			"version": "0.30.21",
			"resolved": "https://registry.npmjs.org/magic-string/-/magic-string-0.30.21.tgz",
			"integrity": "sha512-vd2F4YUyEXKGcLHoq+TEyCjxueSeHnFxyyjNp80yg0XV4vUhnDer/lvvlqM/arB5bXQN5K2/3oinyCRyx8T2CQ==",
			"license": "MIT",
			"dependencies": {
				"@jridgewell/sourcemap-codec": "^1.5.5"
			}
		},
		"node_modules/tar": {
			"version": "7.5.22",
			"resolved": "https://registry.npmjs.org/tar/-/tar-7.5.22.tgz",
			"integrity": "sha512-MFO/QzvtAOmJbkhOaCTvbGcFN9L9b+JunIsDwaKljSOdcLMea3NJ1k9Usz/rjdfSXTq4dfzfeS7W4p4YOAAHeA==",
			"license": "BlueOak-1.0.0",
			"dependencies": {
				"@isaacs/fs-minipass": "^4.0.0",
				"chownr": "^3.0.0",
				"minipass": "^7.1.2",
				"minizlib": "^3.1.0",
				"yallist": "^5.0.0"
			},
			"engines": {
				"node": ">=18"
			}
		},
		"node_modules/tinyexec": {
			"version": "1.3.1",
			"resolved": "https://registry.npmjs.org/tinyexec/-/tinyexec-1.3.1.tgz",
			"integrity": "sha512-GCvB3aoys96IuDFBMcTB46JOR6mdMtAToqwiW8JlWhsoh1mhHi/xn9ss/Dg7N555GiJyEt2qzoG/NHCwM6h1EA==",
			"license": "MIT",
			"engines": {
				"node": ">=18"
			}
		},
		"node_modules/tinyglobby": {
			"version": "0.2.17",
			"resolved": "https://registry.npmjs.org/tinyglobby/-/tinyglobby-0.2.17.tgz",
			"integrity": "sha512-wXR/dYpcqKmfWpEdZjiKJOwCNFndD0DMnrW/cYjVGttEkBfVgcLFHoNrlj47mjOVic9yyNu65alsgF4NQyTa2g==",
			"license": "MIT",
			"dependencies": {
				"fdir": "^6.5.0",
				"picomatch": "^4.0.4"
			},
			"engines": {
				"node": ">=12.0.0"
			},
			"funding": {
				"url": "https://github.com/sponsors/SuperchupuDev"
			}
		},
		"node_modules/tldts": {
			"version": "7.4.14",
			"resolved": "https://registry.npmjs.org/tldts/-/tldts-7.4.14.tgz",
			"integrity": "sha512-EahQoi+Q5oqmG3yxRHx+bwn36OaLbtw6jnTFcGjc8fcmktzTgk45xRnzAx8Ch87PFEiqRhoc3FWBmY+LBrvEGQ==",
			"license": "MIT",
			"dependencies": {
				"tldts-core": "^7.4.14"
			},
			"bin": {
				"tldts": "bin/cli.js"
			}
		},
		"node_modules/tldts-core": {
			"version": "7.4.14",
			"resolved": "https://registry.npmjs.org/tldts-core/-/tldts-core-7.4.14.tgz",
			"integrity": "sha512-KYkjfJHnIC5t+Gy7hPrMHgJmWc/N9FfmS+fggRPSlpFckidpB9HD6OzPsSTkfDH+MpZgcu2tJPGgLfHl979N1Q==",
			"license": "MIT"
		},
		"node_modules/tough-cookie": {
			"version": "6.0.2",
			"resolved": "https://registry.npmjs.org/tough-cookie/-/tough-cookie-6.0.2.tgz",
			"integrity": "sha512-exgYmnmL/sJpR3upZfXG5PoatXQii55xAiXGXzY+sROLZ/Y+SLcp9PgJNI9Vz37HpQ74WvDcLT8eqm+kV3FzrA==",
			"license": "BSD-3-Clause",
			"dependencies": {
				"tldts": "^7.0.5"
			},
			"engines": {
				"node": ">=16"
			}
		},
		"node_modules/ts-morph": {
			"version": "28.0.0",
			"resolved": "https://registry.npmjs.org/ts-morph/-/ts-morph-28.0.0.tgz",
			"integrity": "sha512-Wp3tnZ2bzwxyTZMtgWVzXDfm7lB1Drz+y9DmmYH/L702PQhPyVrp3pkou3yIz4qjS14GY9kcpmLiOOMvl8oG1g==",
			"license": "MIT",
			"dependencies": {
				"@ts-morph/common": "~0.29.0",
				"code-block-writer": "^13.0.3"
			}
		},
		"node_modules/valibot": {
			"version": "1.5.0",
			"resolved": "https://registry.npmjs.org/valibot/-/valibot-1.5.0.tgz",
			"integrity": "sha512-nil6AkP2TChWL43Z5uJ6GTxX01CUA+g8LWUM+N/rB9NBbkUMaUsi9PUNzlUPgoKASgmx9f7eGOYpJ04/fSa6FQ==",
			"license": "MIT",
			"peerDependencies": {
				"typescript": ">=5"
			},
			"peerDependenciesMeta": {
				"typescript": {
					"optional": true
				}
			}
		},
		"node_modules/vela": {
			"version": "0.14.5",
			"resolved": "https://registry.npmjs.org/vela/-/vela-0.14.5.tgz",
			"integrity": "sha512-KD3tieXMYeT3NeqPyTsGeoLtPogHSBhHpfRWxUpeIWocwv2NlBmftvt+r/D7HuCnxgk+/2N1R5OeUlPPyFE44g==",
			"license": "MIT",
			"dependencies": {
				"@clack/prompts": "^1.7.0",
				"@faker-js/faker": "^10.6.0",
				"@velastack/patterns": "^0.3.4",
				"@velastack/pocketbase-codegen": "^0.1.0",
				"annotate-json-schema": "^0.1.1",
				"commander": "^13.1.0",
				"cross-spawn": "^7.0.6",
				"dedent": "^1.7.2",
				"dotenv": "^17.4.2",
				"fetch-cookie": "^3.2.0",
				"json-schema-faker": "^0.6.3",
				"magic-string": "^1.2.3",
				"package-manager-detector": "^1.8.0",
				"picocolors": "^1.1.1",
				"pocketbase": "^0.28.0",
				"pocketbase-server": "^0.40.5-beta.2",
				"stripe": "^22.6.2",
				"svelte": "^5.56.10",
				"tar": "^7.5.22",
				"tinyexec": "^1.3.0",
				"ts-morph": "^28.0.0",
				"valibot": "^1.4.2"
			},
			"bin": {
				"vela": "dist/bin.js",
				"velastack": "dist/bin.js"
			},
			"engines": {
				"node": ">=20"
			},
			"peerDependencies": {
				"@sveltejs/kit": "^2.57.1",
				"vite": "^8.0.8"
			},
			"peerDependenciesMeta": {
				"@sveltejs/kit": {
					"optional": true
				},
				"vite": {
					"optional": true
				}
			}
		},
		"node_modules/which": {
			"version": "2.0.2",
			"resolved": "https://registry.npmjs.org/which/-/which-2.0.2.tgz",
			"integrity": "sha512-BLI3Tl1TW3Pvl70l3yq3Y64i+awpwXqsGBYWkkqMtnbXgrMD+yj7rhW0kuEDxzJaYXGjEW5ogapKNMEKNMjibA==",
			"license": "ISC",
			"dependencies": {
				"isexe": "^2.0.0"
			},
			"bin": {
				"node-which": "bin/node-which"
			},
			"engines": {
				"node": ">= 8"
			}
		},
		"node_modules/yallist": {
			"version": "5.0.0",
			"resolved": "https://registry.npmjs.org/yallist/-/yallist-5.0.0.tgz",
			"integrity": "sha512-YgvUTfwqyc7UXVMrB+SImsVYSmTS8X/tSrtdNZMImM+n7+QTriRXyXim0mBrTXNeqzVF0KWGgHPeiyViFFrNDw==",
			"license": "BlueOak-1.0.0",
			"engines": {
				"node": ">=18"
			}
		},
		"node_modules/zimmerframe": {
			"version": "1.1.5",
			"resolved": "https://registry.npmjs.org/zimmerframe/-/zimmerframe-1.1.5.tgz",
			"integrity": "sha512-msJxIvYDYcoNL+PJsu+7qmpDWsYmAxTY+2TNYXXF0hzBzBk0BMecOqDOG/EckUoKCuKwObfbugIl8QpqHDXeFA==",
			"license": "MIT"
		}
	}
}
